
Microsoft Visual Studio Solution File, Format Version 12.00
# Visual Studio Version 16
VisualStudioVersion = 16.0.30717.126
MinimumVisualStudioVersion = 10.0.40219.1
Project("{FAE04EC0-301F-11D3-BF4B-00C04F79EFBC}") = "Project_QuanLy_NN_KS", "Project_QuanLy_NN_KS\Project_QuanLy_NN_KS.csproj", "{BB04C842-B355-4066-8665-8BCC7A3FFFAE}"
EndProject
Global
	GlobalSection(SolutionConfigurationPlatforms) = preSolution
		Debug|Any CPU = Debug|Any CPU
		Release|Any CPU = Release|Any CPU
	EndGlobalSection
	GlobalSection(ProjectConfigurationPlatforms) = postSolution
		{BB04C842-B355-4066-8665-8BCC7A3FFFAE}.Debug|Any CPU.ActiveCfg = Debug|Any CPU
		{BB04C842-B355-4066-8665-8BCC7A3FFFAE}.Debug|Any CPU.Build.0 = Debug|Any CPU
		{BB04C842-B355-4066-8665-8BCC7A3FFFAE}.Release|Any CPU.ActiveCfg = Release|Any CPU
		{BB04C842-B355-4066-8665-8BCC7A3FFFAE}.Release|Any CPU.Build.0 = Release|Any CPU
	EndGlobalSection
	GlobalSection(SolutionProperties) = preSolution
		HideSolutionNode = FALSE
	EndGlobalSection
	GlobalSection(ExtensibilityGlobals) = postSolution
		SolutionGuid = {BF3B66B9-201F-41E8-9A83-0622678E1265}
	EndGlobalSection
EndGlobal
